{
    "_meta": {
        "hash": {
            "sha256": "e5695da5af52315e65a4790c0d9e0fc091f1d0b6a90d3206dda13bd04bcac9fd"
        },
        "pipfile-spec": 6,
        "requires": {
            "python_version": "3.7"
        },
        "sources": [
            {
                "name": "pypi",
                "url": "https://pypi.org/simple",
                "verify_ssl": true
            }
        ]
    },
    "default": {
        "keepitfresh": {
            "hashes": [
                "sha256:a3a08e0b0170d20a1d90b02abdfe180a0afbf46624ff766e4d1b51cc581b3f76",
                "sha256:ff4d78b478cfb2c78ffa1b2b089029cd4ec1880ca77fdb90cb4952e612c96eef"
            ],
            "index": "pypi",
            "version": "==1.0.2"
        },
        "lxml": {
            "hashes": [
                "sha256:01d36c05f4afb8f7c20fd9ed5badca32a2029b93b1750f571ccc0b142531caf7",
                "sha256:04876580c050a8c5341d706dd464ff04fd597095cc8c023252566a8826505726",
                "sha256:05ca3f6abf5cf78fe053da9b1166e062ade3fa5d4f92b4ed688127ea7d7b1d03",
                "sha256:090c6543d3696cbe15b4ac6e175e576bcc3f1ccfbba970061b7300b0c15a2140",
                "sha256:0dc313ef231edf866912e9d8f5a042ddab56c752619e92dfd3a2c277e6a7299a",
                "sha256:0f2b1e0d79180f344ff9f321327b005ca043a50ece8713de61d1cb383fb8ac05",
                "sha256:13598ecfbd2e86ea7ae45ec28a2a54fb87ee9b9fdb0f6d343297d8e548392c03",
                "sha256:16efd54337136e8cd72fb9485c368d91d77a47ee2d42b057564aae201257d419",
                "sha256:1ab8f1f932e8f82355e75dda5413a57612c6ea448069d4fb2e217e9a4bed13d4",
                "sha256:223f4232855ade399bd409331e6ca70fb5578efef22cf4069a6090acc0f53c0e",
                "sha256:2455cfaeb7ac70338b3257f41e21f0724f4b5b0c0e7702da67ee6c3640835b67",
                "sha256:2899456259589aa38bfb018c364d6ae7b53c5c22d8e27d0ec7609c2a1ff78b50",
                "sha256:2a29ba94d065945944016b6b74e538bdb1751a1db6ffb80c9d3c2e40d6fa9894",
                "sha256:2a87fa548561d2f4643c99cd13131acb607ddabb70682dcf1dff5f71f781a4bf",
                "sha256:2e430cd2824f05f2d4f687701144556646bae8f249fd60aa1e4c768ba7018947",
                "sha256:36c3c175d34652a35475a73762b545f4527aec044910a651d2bf50de9c3352b1",
                "sha256:3818b8e2c4b5148567e1b09ce739006acfaa44ce3156f8cbbc11062994b8e8dd",
                "sha256:3ab9fa9d6dc2a7f29d7affdf3edebf6ece6fb28a6d80b14c3b2fb9d39b9322c3",
                "sha256:3efea981d956a6f7173b4659849f55081867cf897e719f57383698af6f618a92",
                "sha256:4c8f293f14abc8fd3e8e01c5bd86e6ed0b6ef71936ded5bf10fe7a5efefbaca3",
                "sha256:5344a43228767f53a9df6e5b253f8cdca7dfc7b7aeae52551958192f56d98457",
                "sha256:58bfa3aa19ca4c0f28c5dde0ff56c520fbac6f0daf4fac66ed4c8d2fb7f22e74",
                "sha256:5b4545b8a40478183ac06c073e81a5ce4cf01bf1734962577cf2bb569a5b3bbf",
                "sha256:5f50a1c177e2fa3ee0667a5ab79fdc6b23086bc8b589d90b93b4bd17eb0e64d1",
                "sha256:63da2ccc0857c311d764e7d3d90f429c252e83b52d1f8f1d1fe55be26827d1f4",
                "sha256:6749649eecd6a9871cae297bffa4ee76f90b4504a2a2ab528d9ebe912b101975",
                "sha256:6804daeb7ef69e7b36f76caddb85cccd63d0c56dedb47555d2fc969e2af6a1a5",
                "sha256:689bb688a1db722485e4610a503e3e9210dcc20c520b45ac8f7533c837be76fe",
                "sha256:699a9af7dffaf67deeae27b2112aa06b41c370d5e7633e0ee0aea2e0b6c211f7",
                "sha256:6b418afe5df18233fc6b6093deb82a32895b6bb0b1155c2cdb05203f583053f1",
                "sha256:76cf573e5a365e790396a5cc2b909812633409306c6531a6877c59061e42c4f2",
                "sha256:7b515674acfdcadb0eb5d00d8a709868173acece5cb0be3dd165950cbfdf5409",
                "sha256:7b770ed79542ed52c519119473898198761d78beb24b107acf3ad65deae61f1f",
                "sha256:7d2278d59425777cfcb19735018d897ca8303abe67cc735f9f97177ceff8027f",
                "sha256:7e91ee82f4199af8c43d8158024cbdff3d931df350252288f0d4ce656df7f3b5",
                "sha256:821b7f59b99551c69c85a6039c65b75f5683bdc63270fec660f75da67469ca24",
                "sha256:822068f85e12a6e292803e112ab876bc03ed1f03dddb80154c395f891ca6b31e",
                "sha256:8340225bd5e7a701c0fa98284c849c9b9fc9238abf53a0ebd90900f25d39a4e4",
                "sha256:85cabf64adec449132e55616e7ca3e1000ab449d1d0f9d7f83146ed5bdcb6d8a",
                "sha256:880bbbcbe2fca64e2f4d8e04db47bcdf504936fa2b33933efd945e1b429bea8c",
                "sha256:8d0b4612b66ff5d62d03bcaa043bb018f74dfea51184e53f067e6fdcba4bd8de",
                "sha256:8e20cb5a47247e383cf4ff523205060991021233ebd6f924bca927fcf25cf86f",
                "sha256:925073b2fe14ab9b87e73f9a5fde6ce6392da430f3004d8b72cc86f746f5163b",
                "sha256:998c7c41910666d2976928c38ea96a70d1aa43be6fe502f21a651e17483a43c5",
                "sha256:9b22c5c66f67ae00c0199f6055705bc3eb3fcb08d03d2ec4059a2b1b25ed48d7",
                "sha256:9f102706d0ca011de571de32c3247c6476b55bb6bc65a20f682f000b07a4852a",
                "sha256:a08cff61517ee26cb56f1e949cca38caabe9ea9fbb4b1e10a805dc39844b7d5c",
                "sha256:a0a336d6d3e8b234a3aae3c674873d8f0e720b76bc1d9416866c41cd9500ffb9",
                "sha256:a35f8b7fa99f90dd2f5dc5a9fa12332642f087a7641289ca6c40d6e1a2637d8e",
                "sha256:a38486985ca49cfa574a507e7a2215c0c780fd1778bb6290c21193b7211702ab",
                "sha256:a5da296eb617d18e497bcf0a5c528f5d3b18dadb3619fbdadf4ed2356ef8d941",
                "sha256:a6e441a86553c310258aca15d1c05903aaf4965b23f3bc2d55f200804e005ee5",
                "sha256:a82d05da00a58b8e4c0008edbc8a4b6ec5a4bc1e2ee0fb6ed157cf634ed7fa45",
                "sha256:ab323679b8b3030000f2be63e22cdeea5b47ee0abd2d6a1dc0c8103ddaa56cd7",
                "sha256:b1f42b6921d0e81b1bcb5e395bc091a70f41c4d4e55ba99c6da2b31626c44892",
                "sha256:b23e19989c355ca854276178a0463951a653309fb8e57ce674497f2d9f208746",
                "sha256:b264171e3143d842ded311b7dccd46ff9ef34247129ff5bf5066123c55c2431c",
                "sha256:b26a29f0b7fc6f0897f043ca366142d2b609dc60756ee6e4e90b5f762c6adc53",
                "sha256:b64d891da92e232c36976c80ed7ebb383e3f148489796d8d31a5b6a677825efe",
                "sha256:b9cc34af337a97d470040f99ba4282f6e6bac88407d021688a5d585e44a23184",
                "sha256:bc718cd47b765e790eecb74d044cc8d37d58562f6c314ee9484df26276d36a38",
                "sha256:be7292c55101e22f2a3d4d8913944cbea71eea90792bf914add27454a13905df",
                "sha256:c83203addf554215463b59f6399835201999b5e48019dc17f182ed5ad87205c9",
                "sha256:c9ec3eaf616d67db0764b3bb983962b4f385a1f08304fd30c7283954e6a7869b",
                "sha256:ca34efc80a29351897e18888c71c6aca4a359247c87e0b1c7ada14f0ab0c0fb2",
                "sha256:ca989b91cf3a3ba28930a9fc1e9aeafc2a395448641df1f387a2d394638943b0",
                "sha256:d02a5399126a53492415d4906ab0ad0375a5456cc05c3fc0fc4ca11771745cda",
                "sha256:d17bc7c2ccf49c478c5bdd447594e82692c74222698cfc9b5daae7ae7e90743b",
                "sha256:d5bf6545cd27aaa8a13033ce56354ed9e25ab0e4ac3b5392b763d8d04b08e0c5",
                "sha256:d6b430a9938a5a5d85fc107d852262ddcd48602c120e3dbb02137c83d212b380",
                "sha256:da248f93f0418a9e9d94b0080d7ebc407a9a5e6d0b57bb30db9b5cc28de1ad33",
                "sha256:da4dd7c9c50c059aba52b3524f84d7de956f7fef88f0bafcf4ad7dde94a064e8",
                "sha256:df0623dcf9668ad0445e0558a21211d4e9a149ea8f5666917c8eeec515f0a6d1",
                "sha256:e5168986b90a8d1f2f9dc1b841467c74221bd752537b99761a93d2d981e04889",
                "sha256:efa29c2fe6b4fdd32e8ef81c1528506895eca86e1d8c4657fda04c9b3786ddf9",
                "sha256:f1496ea22ca2c830cbcbd473de8f114a320da308438ae65abad6bab7867fe38f",
                "sha256:f49e52d174375a7def9915c9f06ec4e569d235ad428f70751765f48d5926678c"
            ],
            "markers": "python_version >= '2.7' and python_version not in '3.0, 3.1, 3.2, 3.3, 3.4'",
            "version": "==4.9.2"
        },
        "packaging": {
            "hashes": [
                "sha256:994793af429502c4ea2ebf6bf664629d07c1a9fe974af92966e4b8d2df7edc61",
                "sha256:a392980d2b6cffa644431898be54b0045151319d1e7ec34f0cfed48767dd334f"
            ],
            "markers": "python_version >= '3.7'",
            "version": "==23.1"
        },
        "patool": {
            "hashes": [
                "sha256:3f642549c9a78f5b8bef1af92df385b521d360520d1f34e4dba3fd1dee2a21bc",
                "sha256:e3180cf8bfe13bedbcf6f5628452fca0c2c84a3b5ae8c2d3f55720ea04cb1097"
            ],
            "version": "==1.12"
        },
        "pyfomod": {
            "hashes": [
                "sha256:8fc7d465c3e8b15d16be429f35f1517ac42d4c15c90a16a7d279c5d4aee8cd2e",
                "sha256:9f385e3e1e999bf4547eea9384716be3f4c4fae495cbe19699340f2113668b2f"
            ],
            "index": "pypi",
            "version": "==1.2.0"
        },
        "pyqt5": {
            "hashes": [
                "sha256:6420d8c9de8746917bd2afe24f29b3722aabde36d1e9f8c34354f5b7fb7b987d",
                "sha256:73f982b60819cc6d7cb0007b8b0cd11073e2546d74e0463726149e6a9d087caa",
                "sha256:8e6125f110133069e8f4a085022cfc6b4a0af5b3c9009999a749007c299e965d",
                "sha256:f8e76070782e68ba200eb2b67babf89ac629df5e36d2f4c680ef34ae40c8f964"
            ],
            "index": "pypi",
            "version": "==5.13.1"
        },
        "pyqt5-sip": {
            "hashes": [
                "sha256:01bc2d443325505b07d35e4a70d239b4f97b77486e29117fb67f927a15cd8061",
                "sha256:1b0203381b895097c41cd1ca6bba7d88fd0d2fa8c3dde6d55c1bb95141080f35",
                "sha256:1e91834cc98fda25c232666ca2e77b14520b47b1cee8d38bc93dbe0cd951443e",
                "sha256:21639b03429baae810119239592762da9a30fa0fe3b1c2e26f456cf1a77a3cc0",
                "sha256:382a85ae7218de9b5ed136d0d865b49c09063e1ca428ed6901b1a5860223b444",
                "sha256:4e683dcbdc9e7d36d7ccba82cf20e4835b54bb212470a8467f1d4b620ddeef6a",
                "sha256:56d08c822a8b4f0950285d1b316d81c3b80bf3ba8d98efc035a205051f03a05d",
                "sha256:660416500991c4eaf20730c2ec4897cd75b476fae9c80fe09fa0f98750693516",
                "sha256:6e4becfdbbe1da70887cd6baa0ef1ec394d81a39522e54a3118d1757e2fd0e06",
                "sha256:7741a57bf7980ef16ee975ea9790f95616d532053e4a4f16bf35449333cbcc5b",
                "sha256:7ca01f0508782374ad3621296780fbb31ac3c6f6c8ba1e7051cc4c08354c46a3",
                "sha256:96ec94a7239f83e30b4c37a7f89c75df3504918a372d968e773532b5fbc7d268",
                "sha256:a04933dacbba804623c5861d214e217e7e3454beab84566ba5e02c86fb86eded",
                "sha256:bc0df0e4a95e2dc394009cf473098deb318ba6c5208390acc762889a253ef802",
                "sha256:d26078f436952d774c51599b90d5aa4b9533406f7d65e0d80931a87a24268836",
                "sha256:d33ec957b9c104b56756cc10f82e544d41d64d0e2048c95ba1b64ef6d1ad55dc",
                "sha256:d66df3702adf375ec8d4d69ec2a80f57ea899180b1db62188c6313a2f81085da",
                "sha256:d763dde46d5754c44aed1fbd9ef030c0850b8b341834b4d274d64f8fb1b25a05",
                "sha256:da0c653c3a9843e0bb3bdd43c773c07458a0ae78bd056ebcad0b59ce1aa91e1c",
                "sha256:e19fcd0536cb74eda5dfab24490cb20966d371069a95f81f56cb9de7c18c2bee",
                "sha256:e77e683916f44b82f880155e0c13566ad285c5708c53287d67b4c2971c4579a3"
            ],
            "markers": "python_version >= '3.7'",
            "version": "==12.12.0"
        }
    },
    "develop": {
        "altgraph": {
            "hashes": [
                "sha256:ad33358114df7c9416cdb8fa1eaa5852166c505118717021c6a8c7c7abbd03dd",
                "sha256:c8ac1ca6772207179ed8003ce7687757c04b0b71536f81e2ac5755c6226458fe"
            ],
            "version": "==0.17.3"
        },
        "appdirs": {
            "hashes": [
                "sha256:7d5d0167b2b1ba821647616af46a749d1c653740dd0d2415100fe26e27afdf41",
                "sha256:a841dacd6b99318a741b166adb07e19ee71a274450e68237b4650ca1055ab128"
            ],
            "version": "==1.4.4"
        },
        "attrs": {
            "hashes": [
                "sha256:1f28b4522cdc2fb4256ac1a020c78acf9cba2c6b461ccd2c126f3aa8e8335d04",
                "sha256:6279836d581513a26f1bf235f9acd333bc9115683f14f7e8fae46c98fc50e015"
            ],
            "markers": "python_version >= '3.7'",
            "version": "==23.1.0"
        },
        "black": {
            "hashes": [
                "sha256:09a9dcb7c46ed496a9850b76e4e825d6049ecd38b611f1224857a79bd985a8cf",
                "sha256:68950ffd4d9169716bcb8719a56c07a2f4485354fec061cdd5910aa07369731c"
            ],
            "index": "pypi",
            "version": "==19.3b0"
        },
        "bump2version": {
            "hashes": [
                "sha256:524bde030318fe2543038defe0f77739605636fef96924883813cb290cf79c1e",
                "sha256:bfcc051498dda9fd9ac8634689f4516e1c20fdeeace3278932cc6e1248418b36"
            ],
            "index": "pypi",
            "version": "==0.5.11"
        },
        "click": {
            "hashes": [
                "sha256:7682dc8afb30297001674575ea00d1814d808d6a36af415a82bd481d37ba7b8e",
                "sha256:bb4d8133cb15a609f44e8213d9b391b0809795062913b383c62be0ee95b1db48"
            ],
            "markers": "python_version >= '3.7'",
            "version": "==8.1.3"
        },
        "flake8": {
            "hashes": [
                "sha256:6fbe320aad8d6b95cec8b8e47bc933004678dc63095be98528b7bdd2a9f510db",
                "sha256:7a1cf6b73744f5806ab95e526f6f0d8c01c66d7bbe349562d22dfca20610b248"
            ],
            "markers": "python_full_version >= '3.6.1'",
            "version": "==5.0.4"
        },
        "flake8-bugbear": {
            "hashes": [
                "sha256:07b6e769d7f4e168d590f7088eae40f6ddd9fa4952bed31602def65842682c83",
                "sha256:0ccf56975f4db1d69dc1cf3598c99d768ebf95d0cad27d76087954aa399b515a"
            ],
            "index": "pypi",
            "version": "==18.8.0"
        },
        "future": {
            "hashes": [
                "sha256:34a17436ed1e96697a86f9de3d15a3b0be01d8bc8de9c1dffd59fb8234ed5307"
            ],
            "index": "pypi",
            "version": "==0.18.3"
        },
        "importlib-metadata": {
            "hashes": [
                "sha256:057e92c15bc8d9e8109738a48db0ccb31b4d9d5cfbee5a8670879a30be66304b",
                "sha256:b7e52a1f8dec14a75ea73e0891f3060099ca1d8e6a462a4dff11c3e119ea1b31"
            ],
            "markers": "python_version < '3.8'",
            "version": "==4.2.0"
        },
        "invoke": {
            "hashes": [
                "sha256:c52274d2e8a6d64ef0d61093e1983268ea1fc0cd13facb9448c4ef0c9a7ac7da",
                "sha256:f4ec8a134c0122ea042c8912529f87652445d9f4de590b353d23f95bfa1f0efd",
                "sha256:fc803a5c9052f15e63310aa81a43498d7c55542beb18564db88a9d75a176fa44"
            ],
            "index": "pypi",
            "version": "==1.3.0"
        },
        "isort": {
            "hashes": [
                "sha256:54da7e92468955c4fceacd0c86bd0ec997b0e1ee80d97f67c35a78b719dccab1",
                "sha256:6e811fcb295968434526407adb8796944f1988c5b65e8139058f2014cbe100fd"
            ],
            "index": "pypi",
            "version": "==4.3.21"
        },
        "mccabe": {
            "hashes": [
                "sha256:348e0240c33b60bbdf4e523192ef919f28cb2c3d7d5c7794f74009290f236325",
                "sha256:6c2d30ab6be0e4a46919781807b4f0d834ebdd6c6e3dca0bda5a15f863427b6e"
            ],
            "markers": "python_version >= '3.6'",
            "version": "==0.7.0"
        },
        "pycodestyle": {
            "hashes": [
                "sha256:2c9607871d58c76354b697b42f5d57e1ada7d261c261efac224b664affdc5785",
                "sha256:d1735fc58b418fd7c5f658d28d943854f8a849b01a5d0a1e6f3f3fdd0166804b"
            ],
            "markers": "python_version >= '3.6'",
            "version": "==2.9.1"
        },
        "pyflakes": {
            "hashes": [
                "sha256:4579f67d887f804e67edb544428f264b7b24f435b263c4614f384135cea553d2",
                "sha256:491feb020dca48ccc562a8c0cbe8df07ee13078df59813b83959cbdada312ea3"
            ],
            "markers": "python_version >= '3.6'",
            "version": "==2.5.0"
        },
        "pyinstaller": {
            "hashes": [
                "sha256:ee7504022d1332a3324250faf2135ea56ac71fdb6309cff8cd235de26b1d0a96"
            ],
            "index": "pypi",
            "version": "==3.5"
        },
        "setuptools": {
            "hashes": [
                "sha256:257de92a9d50a60b8e22abfcbb771571fde0dbf3ec234463212027a4eeecbe9a",
                "sha256:e728ca814a823bf7bf60162daf9db95b93d532948c4c0bea762ce62f60189078"
            ],
            "markers": "python_version >= '3.7'",
            "version": "==67.6.1"
        },
        "toml": {
            "hashes": [
                "sha256:806143ae5bfb6a3c6e736a764057db0e6a0e05e338b5630894a5f779cabb4f9b",
                "sha256:b3bda1d108d5dd99f4a20d24d9c348e91c4db7ab1b749200bded2f839ccbe68f"
            ],
            "markers": "python_version >= '2.6' and python_version not in '3.0, 3.1, 3.2, 3.3'",
            "version": "==0.10.2"
        },
        "typing-extensions": {
            "hashes": [
                "sha256:5cb5f4a79139d699607b3ef622a1dedafa84e115ab0024e0d9c044a9479ca7cb",
                "sha256:fb33085c39dd998ac16d1431ebc293a8b3eedd00fd4a32de0ff79002c19511b4"
            ],
            "markers": "python_version < '3.8'",
            "version": "==4.5.0"
        },
        "zipp": {
            "hashes": [
                "sha256:112929ad649da941c23de50f356a2b5570c954b65150642bccdd66bf194d224b",
                "sha256:48904fc76a60e542af151aded95726c1a5c34ed43ab4134b597665c86d7ad556"
            ],
            "markers": "python_version >= '3.7'",
            "version": "==3.15.0"
        }
    }
}
